
Microsoft Visual Studio Solution File, Format Version 12.00
# Visual Studio Version 17
VisualStudioVersion = 17.11.35327.3
MinimumVisualStudioVersion = 10.0.40219.1
Project("{FAE04EC0-301F-11D3-BF4B-00C04F79EFBC}") = "StockManager", "StockManager\StockManager.csproj", "{B5A0448F-5915-4EBE-8620-62CED23FE454}"
EndProject
Project("{FAE04EC0-301F-11D3-BF4B-00C04F79EFBC}") = "StockManager.Core.Domain", "StockManager.Core.Domain\StockManager.Core.Domain.csproj", "{FA7C756D-56D1-4CF9-A1C3-52EC048A8374}"
EndProject
Project("{FAE04EC0-301F-11D3-BF4B-00C04F79EFBC}") = "StockManager.Infrastructure", "StockManager.Infrastructure\StockManager.Infrastructure.csproj", "{3167737A-773C-49DC-8FCD-605CFB095969}"
EndProject
Project("{FAE04EC0-301F-11D3-BF4B-00C04F79EFBC}") = "StockManager.Application", "StockManager.Application\StockManager.Application.csproj", "{C3B25CB0-5E3E-4DAA-B34B-6162ADDD160F}"
EndProject
Project("{FAE04EC0-301F-11D3-BF4B-00C04F79EFBC}") = "StockManager.Application.Tests", "StockManager.Application.Tests\StockManager.Application.Tests.csproj", "{FC8DCB3C-A8EE-4BC9-B0A5-73B5537ACF89}"
EndProject
Project("{2150E333-8FDC-42A3-9474-1A3956D46DE8}") = "Src", "Src", "{02EA681E-C7D8-13C7-8484-4AC65E1B71E8}"
EndProject
Project("{2150E333-8FDC-42A3-9474-1A3956D46DE8}") = "Tests", "Tests", "{D79174D1-6821-482A-B24D-B15902837927}"
EndProject
Project("{2150E333-8FDC-42A3-9474-1A3956D46DE8}") = "Solution configuration", "Solution configuration", "{533CE36F-3D97-4DCA-BD4D-A1E9B3FC6F99}"
	ProjectSection(SolutionItems) = preProject
		.editorconfig = .editorconfig
		Directory.Build.props = Directory.Build.props
		Directory.Packages.props = Directory.Packages.props
	EndProjectSection
EndProject
Global
	GlobalSection(SolutionConfigurationPlatforms) = preSolution
		Debug|Any CPU = Debug|Any CPU
		Release|Any CPU = Release|Any CPU
	EndGlobalSection
	GlobalSection(ProjectConfigurationPlatforms) = postSolution
		{B5A0448F-5915-4EBE-8620-62CED23FE454}.Debug|Any CPU.ActiveCfg = Debug|Any CPU
		{B5A0448F-5915-4EBE-8620-62CED23FE454}.Debug|Any CPU.Build.0 = Debug|Any CPU
		{B5A0448F-5915-4EBE-8620-62CED23FE454}.Release|Any CPU.ActiveCfg = Release|Any CPU
		{B5A0448F-5915-4EBE-8620-62CED23FE454}.Release|Any CPU.Build.0 = Release|Any CPU
		{FA7C756D-56D1-4CF9-A1C3-52EC048A8374}.Debug|Any CPU.ActiveCfg = Debug|Any CPU
		{FA7C756D-56D1-4CF9-A1C3-52EC048A8374}.Debug|Any CPU.Build.0 = Debug|Any CPU
		{FA7C756D-56D1-4CF9-A1C3-52EC048A8374}.Release|Any CPU.ActiveCfg = Release|Any CPU
		{FA7C756D-56D1-4CF9-A1C3-52EC048A8374}.Release|Any CPU.Build.0 = Release|Any CPU
		{3167737A-773C-49DC-8FCD-605CFB095969}.Debug|Any CPU.ActiveCfg = Debug|Any CPU
		{3167737A-773C-49DC-8FCD-605CFB095969}.Debug|Any CPU.Build.0 = Debug|Any CPU
		{3167737A-773C-49DC-8FCD-605CFB095969}.Release|Any CPU.ActiveCfg = Release|Any CPU
		{3167737A-773C-49DC-8FCD-605CFB095969}.Release|Any CPU.Build.0 = Release|Any CPU
		{C3B25CB0-5E3E-4DAA-B34B-6162ADDD160F}.Debug|Any CPU.ActiveCfg = Debug|Any CPU
		{C3B25CB0-5E3E-4DAA-B34B-6162ADDD160F}.Debug|Any CPU.Build.0 = Debug|Any CPU
		{C3B25CB0-5E3E-4DAA-B34B-6162ADDD160F}.Release|Any CPU.ActiveCfg = Release|Any CPU
		{C3B25CB0-5E3E-4DAA-B34B-6162ADDD160F}.Release|Any CPU.Build.0 = Release|Any CPU
		{FC8DCB3C-A8EE-4BC9-B0A5-73B5537ACF89}.Debug|Any CPU.ActiveCfg = Debug|Any CPU
		{FC8DCB3C-A8EE-4BC9-B0A5-73B5537ACF89}.Debug|Any CPU.Build.0 = Debug|Any CPU
		{FC8DCB3C-A8EE-4BC9-B0A5-73B5537ACF89}.Release|Any CPU.ActiveCfg = Release|Any CPU
		{FC8DCB3C-A8EE-4BC9-B0A5-73B5537ACF89}.Release|Any CPU.Build.0 = Release|Any CPU
	EndGlobalSection
	GlobalSection(SolutionProperties) = preSolution
		HideSolutionNode = FALSE
	EndGlobalSection
	GlobalSection(NestedProjects) = preSolution
		{B5A0448F-5915-4EBE-8620-62CED23FE454} = {02EA681E-C7D8-13C7-8484-4AC65E1B71E8}
		{FA7C756D-56D1-4CF9-A1C3-52EC048A8374} = {02EA681E-C7D8-13C7-8484-4AC65E1B71E8}
		{3167737A-773C-49DC-8FCD-605CFB095969} = {02EA681E-C7D8-13C7-8484-4AC65E1B71E8}
		{C3B25CB0-5E3E-4DAA-B34B-6162ADDD160F} = {02EA681E-C7D8-13C7-8484-4AC65E1B71E8}
		{FC8DCB3C-A8EE-4BC9-B0A5-73B5537ACF89} = {D79174D1-6821-482A-B24D-B15902837927}
	EndGlobalSection
	GlobalSection(ExtensibilityGlobals) = postSolution
		SolutionGuid = {DC5BA64D-B24D-48F7-B8F0-30491FF0A990}
	EndGlobalSection
EndGlobal
